
Microsoft Visual Studio Solution File, Format Version 12.00
# Visual Studio Version 17
VisualStudioVersion = 17.14.37203.1
MinimumVisualStudioVersion = 10.0.40219.1
Project("{8BC9CEB8-8B4A-11D0-8D11-00A0C91BC942}") = "DesktopStreamingApp", "DesktopStreamingApp\DesktopStreamingApp.vcxproj", "{F4396A23-F50B-4C25-9B00-C20D83B1BA1C}"
EndProject
Project("{2150E333-8FDC-42A3-9474-1A3956D46DE8}") = "Application", "Application", "{C8D5274F-AC00-46C7-1F8D-E88E81087A52}"
EndProject
Project("{8BC9CEB8-8B4A-11D0-8D11-00A0C91BC942}") = "DesktopStreamingServer", "DesktopStreamingServer\DesktopStreamingServer.vcxproj", "{D42B0446-848E-410F-91C4-9681152492D8}"
EndProject
Project("{8BC9CEB8-8B4A-11D0-8D11-00A0C91BC942}") = "DesktopStreamingClient", "DesktopStreamingClient\DesktopStreamingClient.vcxproj", "{8F87FE61-2666-45EC-8594-EFA350D9EBA4}"
EndProject
Project("{2150E333-8FDC-42A3-9474-1A3956D46DE8}") = "Modules", "Modules", "{26C13A1F-BA6A-4F88-A732-C81AB0B000ED}"
EndProject
Project("{8BC9CEB8-8B4A-11D0-8D11-00A0C91BC942}") = "Core", "..\..\Module\Core\Core\Core.vcxproj", "{E3BD70C4-FC37-4703-9A54-152FD00BDEA2}"
EndProject
Project("{8BC9CEB8-8B4A-11D0-8D11-00A0C91BC942}") = "D3D11DuplicateEngine", "..\..\Module\D3D11DuplicateEngine\D3D11DuplicateEngine\D3D11DuplicateEngine.vcxproj", "{3C17FA80-6514-434B-BC34-EFD2203765BE}"
EndProject
Project("{8BC9CEB8-8B4A-11D0-8D11-00A0C91BC942}") = "D3D11Engine", "..\..\Module\D3D11Engine\D3D11Engine\D3D11Engine.vcxproj", "{EC25124D-4C9F-40F6-8B16-ECD4DB749CC8}"
EndProject
Project("{8BC9CEB8-8B4A-11D0-8D11-00A0C91BC942}") = "D3D11ImageView", "..\..\Module\D3D11ImageView\D3D11ImageView\D3D11ImageView.vcxproj", "{FE98804B-55C7-4BCA-BED6-D8785817AFC1}"
EndProject
Project("{8BC9CEB8-8B4A-11D0-8D11-00A0C91BC942}") = "D3D11ImageIO", "..\..\Module\D3D11ImageIO\D3D11ImageIO\D3D11ImageIO.vcxproj", "{CAB1B3EA-0100-4095-B339-CA0D2B237467}"
EndProject
Project("{8BC9CEB8-8B4A-11D0-8D11-00A0C91BC942}") = "D3D11UIFramework", "..\..\Module\D3D11UIFramework\D3D11UIFramework\D3D11UIFramework.vcxproj", "{6DCACA2E-50C3-4152-8EB9-4F7025A9537E}"
EndProject
Project("{2150E333-8FDC-42A3-9474-1A3956D46DE8}") = "D3D11EngineInterface", "D3D11EngineInterface", "{43DDBA6D-AFDF-465B-B03F-4974B8A1252B}"
	ProjectSection(SolutionItems) = preProject
		..\..\Module\D3D11EngineInterface\D3D11EngineInterfaceAPI.h = ..\..\Module\D3D11EngineInterface\D3D11EngineInterfaceAPI.h
		..\..\Module\D3D11EngineInterface\IDeviceEventListener.h = ..\..\Module\D3D11EngineInterface\IDeviceEventListener.h
		..\..\Module\D3D11EngineInterface\IOverlayRenderer.h = ..\..\Module\D3D11EngineInterface\IOverlayRenderer.h
		..\..\Module\D3D11EngineInterface\IRenderContext.h = ..\..\Module\D3D11EngineInterface\IRenderContext.h
		..\..\Module\D3D11EngineInterface\IRenderEngine.h = ..\..\Module\D3D11EngineInterface\IRenderEngine.h
		..\..\Module\D3D11EngineInterface\IRenderLayer.h = ..\..\Module\D3D11EngineInterface\IRenderLayer.h
		..\..\Module\D3D11EngineInterface\IRenderStructures.h = ..\..\Module\D3D11EngineInterface\IRenderStructures.h
		..\..\Module\D3D11EngineInterface\IResizeEventListener.h = ..\..\Module\D3D11EngineInterface\IResizeEventListener.h
		..\..\Module\D3D11EngineInterface\IUIElement.h = ..\..\Module\D3D11EngineInterface\IUIElement.h
		..\..\Module\D3D11EngineInterface\IUIRenderLayer.h = ..\..\Module\D3D11EngineInterface\IUIRenderLayer.h
	EndProjectSection
EndProject
Project("{8BC9CEB8-8B4A-11D0-8D11-00A0C91BC942}") = "NvCodec", "..\..\Module\NvCodec\NvCodec\NvCodec.vcxproj", "{A074873B-B8AE-4415-BCD0-0ED579EA6DCB}"
EndProject
Global
	GlobalSection(SolutionConfigurationPlatforms) = preSolution
		Debug|x64 = Debug|x64
		Debug|x86 = Debug|x86
		Release|x64 = Release|x64
		Release|x86 = Release|x86
	EndGlobalSection
	GlobalSection(ProjectConfigurationPlatforms) = postSolution
		{F4396A23-F50B-4C25-9B00-C20D83B1BA1C}.Debug|x64.ActiveCfg = Debug|x64
		{F4396A23-F50B-4C25-9B00-C20D83B1BA1C}.Debug|x64.Build.0 = Debug|x64
		{F4396A23-F50B-4C25-9B00-C20D83B1BA1C}.Debug|x86.ActiveCfg = Debug|Win32
		{F4396A23-F50B-4C25-9B00-C20D83B1BA1C}.Debug|x86.Build.0 = Debug|Win32
		{F4396A23-F50B-4C25-9B00-C20D83B1BA1C}.Release|x64.ActiveCfg = Release|x64
		{F4396A23-F50B-4C25-9B00-C20D83B1BA1C}.Release|x64.Build.0 = Release|x64
		{F4396A23-F50B-4C25-9B00-C20D83B1BA1C}.Release|x86.ActiveCfg = Release|Win32
		{F4396A23-F50B-4C25-9B00-C20D83B1BA1C}.Release|x86.Build.0 = Release|Win32
		{D42B0446-848E-410F-91C4-9681152492D8}.Debug|x64.ActiveCfg = Debug|x64
		{D42B0446-848E-410F-91C4-9681152492D8}.Debug|x64.Build.0 = Debug|x64
		{D42B0446-848E-410F-91C4-9681152492D8}.Debug|x86.ActiveCfg = Debug|Win32
		{D42B0446-848E-410F-91C4-9681152492D8}.Debug|x86.Build.0 = Debug|Win32
		{D42B0446-848E-410F-91C4-9681152492D8}.Release|x64.ActiveCfg = Release|x64
		{D42B0446-848E-410F-91C4-9681152492D8}.Release|x64.Build.0 = Release|x64
		{D42B0446-848E-410F-91C4-9681152492D8}.Release|x86.ActiveCfg = Release|Win32
		{D42B0446-848E-410F-91C4-9681152492D8}.Release|x86.Build.0 = Release|Win32
		{8F87FE61-2666-45EC-8594-EFA350D9EBA4}.Debug|x64.ActiveCfg = Debug|x64
		{8F87FE61-2666-45EC-8594-EFA350D9EBA4}.Debug|x64.Build.0 = Debug|x64
		{8F87FE61-2666-45EC-8594-EFA350D9EBA4}.Debug|x86.ActiveCfg = Debug|Win32
		{8F87FE61-2666-45EC-8594-EFA350D9EBA4}.Debug|x86.Build.0 = Debug|Win32
		{8F87FE61-2666-45EC-8594-EFA350D9EBA4}.Release|x64.ActiveCfg = Release|x64
		{8F87FE61-2666-45EC-8594-EFA350D9EBA4}.Release|x64.Build.0 = Release|x64
		{8F87FE61-2666-45EC-8594-EFA350D9EBA4}.Release|x86.ActiveCfg = Release|Win32
		{8F87FE61-2666-45EC-8594-EFA350D9EBA4}.Release|x86.Build.0 = Release|Win32
		{E3BD70C4-FC37-4703-9A54-152FD00BDEA2}.Debug|x64.ActiveCfg = Debug|x64
		{E3BD70C4-FC37-4703-9A54-152FD00BDEA2}.Debug|x64.Build.0 = Debug|x64
		{E3BD70C4-FC37-4703-9A54-152FD00BDEA2}.Debug|x86.ActiveCfg = Debug|Win32
		{E3BD70C4-FC37-4703-9A54-152FD00BDEA2}.Debug|x86.Build.0 = Debug|Win32
		{E3BD70C4-FC37-4703-9A54-152FD00BDEA2}.Release|x64.ActiveCfg = Release|x64
		{E3BD70C4-FC37-4703-9A54-152FD00BDEA2}.Release|x64.Build.0 = Release|x64
		{E3BD70C4-FC37-4703-9A54-152FD00BDEA2}.Release|x86.ActiveCfg = Release|Win32
		{E3BD70C4-FC37-4703-9A54-152FD00BDEA2}.Release|x86.Build.0 = Release|Win32
		{3C17FA80-6514-434B-BC34-EFD2203765BE}.Debug|x64.ActiveCfg = Debug|x64
		{3C17FA80-6514-434B-BC34-EFD2203765BE}.Debug|x64.Build.0 = Debug|x64
		{3C17FA80-6514-434B-BC34-EFD2203765BE}.Debug|x86.ActiveCfg = Debug|Win32
		{3C17FA80-6514-434B-BC34-EFD2203765BE}.Debug|x86.Build.0 = Debug|Win32
		{3C17FA80-6514-434B-BC34-EFD2203765BE}.Release|x64.ActiveCfg = Release|x64
		{3C17FA80-6514-434B-BC34-EFD2203765BE}.Release|x64.Build.0 = Release|x64
		{3C17FA80-6514-434B-BC34-EFD2203765BE}.Release|x86.ActiveCfg = Release|Win32
		{3C17FA80-6514-434B-BC34-EFD2203765BE}.Release|x86.Build.0 = Release|Win32
		{EC25124D-4C9F-40F6-8B16-ECD4DB749CC8}.Debug|x64.ActiveCfg = Debug|x64
		{EC25124D-4C9F-40F6-8B16-ECD4DB749CC8}.Debug|x64.Build.0 = Debug|x64
		{EC25124D-4C9F-40F6-8B16-ECD4DB749CC8}.Debug|x86.ActiveCfg = Debug|Win32
		{EC25124D-4C9F-40F6-8B16-ECD4DB749CC8}.Debug|x86.Build.0 = Debug|Win32
		{EC25124D-4C9F-40F6-8B16-ECD4DB749CC8}.Release|x64.ActiveCfg = Release|x64
		{EC25124D-4C9F-40F6-8B16-ECD4DB749CC8}.Release|x64.Build.0 = Release|x64
		{EC25124D-4C9F-40F6-8B16-ECD4DB749CC8}.Release|x86.ActiveCfg = Release|Win32
		{EC25124D-4C9F-40F6-8B16-ECD4DB749CC8}.Release|x86.Build.0 = Release|Win32
		{FE98804B-55C7-4BCA-BED6-D8785817AFC1}.Debug|x64.ActiveCfg = Debug|x64
		{FE98804B-55C7-4BCA-BED6-D8785817AFC1}.Debug|x64.Build.0 = Debug|x64
		{FE98804B-55C7-4BCA-BED6-D8785817AFC1}.Debug|x86.ActiveCfg = Debug|Win32
		{FE98804B-55C7-4BCA-BED6-D8785817AFC1}.Debug|x86.Build.0 = Debug|Win32
		{FE98804B-55C7-4BCA-BED6-D8785817AFC1}.Release|x64.ActiveCfg = Release|x64
		{FE98804B-55C7-4BCA-BED6-D8785817AFC1}.Release|x64.Build.0 = Release|x64
		{FE98804B-55C7-4BCA-BED6-D8785817AFC1}.Release|x86.ActiveCfg = Release|Win32
		{FE98804B-55C7-4BCA-BED6-D8785817AFC1}.Release|x86.Build.0 = Release|Win32
		{CAB1B3EA-0100-4095-B339-CA0D2B237467}.Debug|x64.ActiveCfg = Debug|x64
		{CAB1B3EA-0100-4095-B339-CA0D2B237467}.Debug|x64.Build.0 = Debug|x64
		{CAB1B3EA-0100-4095-B339-CA0D2B237467}.Debug|x86.ActiveCfg = Debug|Win32
		{CAB1B3EA-0100-4095-B339-CA0D2B237467}.Debug|x86.Build.0 = Debug|Win32
		{CAB1B3EA-0100-4095-B339-CA0D2B237467}.Release|x64.ActiveCfg = Release|x64
		{CAB1B3EA-0100-4095-B339-CA0D2B237467}.Release|x64.Build.0 = Release|x64
		{CAB1B3EA-0100-4095-B339-CA0D2B237467}.Release|x86.ActiveCfg = Release|Win32
		{CAB1B3EA-0100-4095-B339-CA0D2B237467}.Release|x86.Build.0 = Release|Win32
		{6DCACA2E-50C3-4152-8EB9-4F7025A9537E}.Debug|x64.ActiveCfg = Debug|x64
		{6DCACA2E-50C3-4152-8EB9-4F7025A9537E}.Debug|x64.Build.0 = Debug|x64
		{6DCACA2E-50C3-4152-8EB9-4F7025A9537E}.Debug|x86.ActiveCfg = Debug|Win32
		{6DCACA2E-50C3-4152-8EB9-4F7025A9537E}.Debug|x86.Build.0 = Debug|Win32
		{6DCACA2E-50C3-4152-8EB9-4F7025A9537E}.Release|x64.ActiveCfg = Release|x64
		{6DCACA2E-50C3-4152-8EB9-4F7025A9537E}.Release|x64.Build.0 = Release|x64
		{6DCACA2E-50C3-4152-8EB9-4F7025A9537E}.Release|x86.ActiveCfg = Release|Win32
		{6DCACA2E-50C3-4152-8EB9-4F7025A9537E}.Release|x86.Build.0 = Release|Win32
		{A074873B-B8AE-4415-BCD0-0ED579EA6DCB}.Debug|x64.ActiveCfg = Debug|x64
		{A074873B-B8AE-4415-BCD0-0ED579EA6DCB}.Debug|x64.Build.0 = Debug|x64
		{A074873B-B8AE-4415-BCD0-0ED579EA6DCB}.Debug|x86.ActiveCfg = Debug|Win32
		{A074873B-B8AE-4415-BCD0-0ED579EA6DCB}.Debug|x86.Build.0 = Debug|Win32
		{A074873B-B8AE-4415-BCD0-0ED579EA6DCB}.Release|x64.ActiveCfg = Release|x64
		{A074873B-B8AE-4415-BCD0-0ED579EA6DCB}.Release|x64.Build.0 = Release|x64
		{A074873B-B8AE-4415-BCD0-0ED579EA6DCB}.Release|x86.ActiveCfg = Release|Win32
		{A074873B-B8AE-4415-BCD0-0ED579EA6DCB}.Release|x86.Build.0 = Release|Win32
	EndGlobalSection
	GlobalSection(SolutionProperties) = preSolution
		HideSolutionNode = FALSE
	EndGlobalSection
	GlobalSection(NestedProjects) = preSolution
		{D42B0446-848E-410F-91C4-9681152492D8} = {C8D5274F-AC00-46C7-1F8D-E88E81087A52}
		{8F87FE61-2666-45EC-8594-EFA350D9EBA4} = {C8D5274F-AC00-46C7-1F8D-E88E81087A52}
		{E3BD70C4-FC37-4703-9A54-152FD00BDEA2} = {26C13A1F-BA6A-4F88-A732-C81AB0B000ED}
		{3C17FA80-6514-434B-BC34-EFD2203765BE} = {26C13A1F-BA6A-4F88-A732-C81AB0B000ED}
		{EC25124D-4C9F-40F6-8B16-ECD4DB749CC8} = {26C13A1F-BA6A-4F88-A732-C81AB0B000ED}
		{FE98804B-55C7-4BCA-BED6-D8785817AFC1} = {26C13A1F-BA6A-4F88-A732-C81AB0B000ED}
		{CAB1B3EA-0100-4095-B339-CA0D2B237467} = {26C13A1F-BA6A-4F88-A732-C81AB0B000ED}
		{6DCACA2E-50C3-4152-8EB9-4F7025A9537E} = {26C13A1F-BA6A-4F88-A732-C81AB0B000ED}
		{43DDBA6D-AFDF-465B-B03F-4974B8A1252B} = {26C13A1F-BA6A-4F88-A732-C81AB0B000ED}
		{A074873B-B8AE-4415-BCD0-0ED579EA6DCB} = {26C13A1F-BA6A-4F88-A732-C81AB0B000ED}
	EndGlobalSection
	GlobalSection(ExtensibilityGlobals) = postSolution
		SolutionGuid = {F5A978F7-7031-4500-814E-EA2D4BF29B16}
	EndGlobalSection
EndGlobal
